// This lockfile was autogenerated by Pants. To regenerate, run:
//
//    pants generate-lockfiles --resolve=python-default
//
// --- BEGIN PANTS LOCKFILE METADATA: DO NOT EDIT OR REMOVE ---
// {
//   "version": 8,
//   "valid_for_interpreter_constraints": [
//     "CPython<3.15,>=3.10"
//   ],
//   "generated_with_requirements": [
//     "typing-extensions>=4.0"
//   ],
//   "manylinux": "manylinux2014",
//   "requirement_constraints": [],
//   "only_binary": [],
//   "no_binary": [],
//   "excludes": [],
//   "overrides": [],
//   "sources": [],
//   "lock_style": "universal",
//   "complete_platforms": [],
//   "uploaded_prior_to": null,
//   "lockfile_format": "pex",
//   "resolve": "python-default"
// }
// --- END PANTS LOCKFILE METADATA ---

{
  "allow_builds": true,
  "allow_prereleases": false,
  "allow_wheels": true,
  "build_isolation": true,
  "constraints": [],
  "elide_unused_requires_dist": false,
  "excluded": [],
  "locked_resolves": [
    {
      "locked_requirements": [
        {
          "artifacts": [
            {
              "algorithm": "sha256",
              "hash": "481caa481374e813c1b176ada14e97f1f67a4539ce9cfeb3f350d78d6370c2e8",
              "url": "https://files.pythonhosted.org/packages/49/d3/b8441a820a491ddfc024b0b0cf0393375b75ea13866d9c66727e54c2fc80/typing_extensions-4.16.0-py3-none-any.whl"
            },
            {
              "algorithm": "sha256",
              "hash": "dc983d19a509c94dba722ee6abd33940f7c05a89e243c47e907eb4db6f1a43e5",
              "url": "https://files.pythonhosted.org/packages/f6/cc/6253133b5bb138fc3306cebfbda2c520f545d36b5be2c7255cc528bb45d6/typing_extensions-4.16.0.tar.gz"
            }
          ],
          "project_name": "typing-extensions",
          "requires_dists": [],
          "requires_python": ">=3.9",
          "version": "4.16.0"
        }
      ],
      "marker": null,
      "platform_tag": null
    }
  ],
  "only_builds": [],
  "only_wheels": [],
  "overridden": [],
  "path_mappings": {},
  "pex_version": "2.97.1",
  "pip_version": "24.2",
  "prefer_older_binary": false,
  "requirements": [
    "typing-extensions>=4.0"
  ],
  "requires_python": [
    "CPython<3.15,>=3.10"
  ],
  "resolver_version": "pip-2020-resolver",
  "style": "universal",
  "target_systems": [
    "linux",
    "mac"
  ],
  "transitive": true,
  "use_pep517": null,
  "use_system_time": false
}
